
Microsoft Visual Studio Solution File, Format Version 12.00
# Visual Studio Version 17
VisualStudioVersion = 17.0.31919.166
MinimumVisualStudioVersion = 10.0.40219.1
Project("{2150E333-8FDC-42A3-9474-1A3956D46DE8}") = "Week 1", "Week 1", "{A8A7CA7A-B62F-4630-B12F-C1079C810E19}"
EndProject
Project("{2150E333-8FDC-42A3-9474-1A3956D46DE8}") = "Week 2", "Week 2", "{63233123-84FB-4A3A-8B1A-29D2809F34A7}"
EndProject
Project("{FAE04EC0-301F-11D3-BF4B-00C04F79EFBC}") = "Day 9", "Week 2\Day 9\Day 9.csproj", "{6C9A9B37-C816-49BF-A776-88E98D05DB21}"
EndProject
Project("{9A19103F-16F7-4668-BE54-9A1E7A4F7556}") = "Day 1", "Week 1\Day 1\Day 1.csproj", "{3C40F82E-1D8B-427A-B8CA-ECA37D0BD36D}"
EndProject
Project("{9A19103F-16F7-4668-BE54-9A1E7A4F7556}") = "Day 2", "Week 1\Day 2\Day 2.csproj", "{CE7E1F06-65FE-47D4-83AD-BC607B11B146}"
EndProject
Project("{9A19103F-16F7-4668-BE54-9A1E7A4F7556}") = "Day 3", "Week 1\Day 3\Day 3.csproj", "{88A8AC1B-B575-4B2A-B4DA-A1E95829E264}"
EndProject
Project("{9A19103F-16F7-4668-BE54-9A1E7A4F7556}") = "Day 4", "Week 1\Day 4\Day 4.csproj", "{FC8DF0D7-7C77-47A7-B7AD-16EB997D0071}"
EndProject
Project("{9A19103F-16F7-4668-BE54-9A1E7A4F7556}") = "Day 5", "Week 1\Day 5\Day 5.csproj", "{FAD31E52-AAFB-4A8A-A8E6-750FACFEFA26}"
EndProject
Project("{9A19103F-16F7-4668-BE54-9A1E7A4F7556}") = "Day 6", "Week 1\Day 6\Day 6.csproj", "{48B618D6-B838-42D1-8A9F-F46AF1EBBE87}"
EndProject
Project("{9A19103F-16F7-4668-BE54-9A1E7A4F7556}") = "Day 7", "Week 1\Day 7\Day 7.csproj", "{AA6D3F65-6041-4BED-91AB-53668F54A7D8}"
EndProject
Project("{9A19103F-16F7-4668-BE54-9A1E7A4F7556}") = "Day 8", "Week 2\Day 8\Day 8.csproj", "{3E25A6F0-1BC9-4534-88D8-198579D3925D}"
EndProject
Global
	GlobalSection(SolutionConfigurationPlatforms) = preSolution
		Debug - Actual|Any CPU = Debug - Actual|Any CPU
		Debug - Sample|Any CPU = Debug - Sample|Any CPU
		Debug|Any CPU = Debug|Any CPU
		Release|Any CPU = Release|Any CPU
	EndGlobalSection
	GlobalSection(ProjectConfigurationPlatforms) = postSolution
		{6C9A9B37-C816-49BF-A776-88E98D05DB21}.Debug - Actual|Any CPU.ActiveCfg = Debug|Any CPU
		{6C9A9B37-C816-49BF-A776-88E98D05DB21}.Debug - Actual|Any CPU.Build.0 = Debug|Any CPU
		{6C9A9B37-C816-49BF-A776-88E98D05DB21}.Debug - Sample|Any CPU.ActiveCfg = Debug|Any CPU
		{6C9A9B37-C816-49BF-A776-88E98D05DB21}.Debug - Sample|Any CPU.Build.0 = Debug|Any CPU
		{6C9A9B37-C816-49BF-A776-88E98D05DB21}.Debug|Any CPU.ActiveCfg = Debug|Any CPU
		{6C9A9B37-C816-49BF-A776-88E98D05DB21}.Debug|Any CPU.Build.0 = Debug|Any CPU
		{6C9A9B37-C816-49BF-A776-88E98D05DB21}.Release|Any CPU.ActiveCfg = Release|Any CPU
		{6C9A9B37-C816-49BF-A776-88E98D05DB21}.Release|Any CPU.Build.0 = Release|Any CPU
		{3C40F82E-1D8B-427A-B8CA-ECA37D0BD36D}.Debug - Actual|Any CPU.ActiveCfg = Debug - Actual|Any CPU
		{3C40F82E-1D8B-427A-B8CA-ECA37D0BD36D}.Debug - Actual|Any CPU.Build.0 = Debug - Actual|Any CPU
		{3C40F82E-1D8B-427A-B8CA-ECA37D0BD36D}.Debug - Sample|Any CPU.ActiveCfg = Debug - Actual|Any CPU
		{3C40F82E-1D8B-427A-B8CA-ECA37D0BD36D}.Debug - Sample|Any CPU.Build.0 = Debug - Actual|Any CPU
		{3C40F82E-1D8B-427A-B8CA-ECA37D0BD36D}.Debug|Any CPU.ActiveCfg = Debug|Any CPU
		{3C40F82E-1D8B-427A-B8CA-ECA37D0BD36D}.Debug|Any CPU.Build.0 = Debug|Any CPU
		{3C40F82E-1D8B-427A-B8CA-ECA37D0BD36D}.Release|Any CPU.ActiveCfg = Release|Any CPU
		{3C40F82E-1D8B-427A-B8CA-ECA37D0BD36D}.Release|Any CPU.Build.0 = Release|Any CPU
		{CE7E1F06-65FE-47D4-83AD-BC607B11B146}.Debug - Actual|Any CPU.ActiveCfg = Debug - Actual|Any CPU
		{CE7E1F06-65FE-47D4-83AD-BC607B11B146}.Debug - Actual|Any CPU.Build.0 = Debug - Actual|Any CPU
		{CE7E1F06-65FE-47D4-83AD-BC607B11B146}.Debug - Sample|Any CPU.ActiveCfg = Debug - Actual|Any CPU
		{CE7E1F06-65FE-47D4-83AD-BC607B11B146}.Debug - Sample|Any CPU.Build.0 = Debug - Actual|Any CPU
		{CE7E1F06-65FE-47D4-83AD-BC607B11B146}.Debug|Any CPU.ActiveCfg = Debug|Any CPU
		{CE7E1F06-65FE-47D4-83AD-BC607B11B146}.Debug|Any CPU.Build.0 = Debug|Any CPU
		{CE7E1F06-65FE-47D4-83AD-BC607B11B146}.Release|Any CPU.ActiveCfg = Release|Any CPU
		{CE7E1F06-65FE-47D4-83AD-BC607B11B146}.Release|Any CPU.Build.0 = Release|Any CPU
		{88A8AC1B-B575-4B2A-B4DA-A1E95829E264}.Debug - Actual|Any CPU.ActiveCfg = Debug - Actual|Any CPU
		{88A8AC1B-B575-4B2A-B4DA-A1E95829E264}.Debug - Actual|Any CPU.Build.0 = Debug - Actual|Any CPU
		{88A8AC1B-B575-4B2A-B4DA-A1E95829E264}.Debug - Sample|Any CPU.ActiveCfg = Debug - Actual|Any CPU
		{88A8AC1B-B575-4B2A-B4DA-A1E95829E264}.Debug - Sample|Any CPU.Build.0 = Debug - Actual|Any CPU
		{88A8AC1B-B575-4B2A-B4DA-A1E95829E264}.Debug|Any CPU.ActiveCfg = Debug|Any CPU
		{88A8AC1B-B575-4B2A-B4DA-A1E95829E264}.Debug|Any CPU.Build.0 = Debug|Any CPU
		{88A8AC1B-B575-4B2A-B4DA-A1E95829E264}.Release|Any CPU.ActiveCfg = Release|Any CPU
		{88A8AC1B-B575-4B2A-B4DA-A1E95829E264}.Release|Any CPU.Build.0 = Release|Any CPU
		{FC8DF0D7-7C77-47A7-B7AD-16EB997D0071}.Debug - Actual|Any CPU.ActiveCfg = Debug - Actual|Any CPU
		{FC8DF0D7-7C77-47A7-B7AD-16EB997D0071}.Debug - Actual|Any CPU.Build.0 = Debug - Actual|Any CPU
		{FC8DF0D7-7C77-47A7-B7AD-16EB997D0071}.Debug - Sample|Any CPU.ActiveCfg = Debug - Actual|Any CPU
		{FC8DF0D7-7C77-47A7-B7AD-16EB997D0071}.Debug - Sample|Any CPU.Build.0 = Debug - Actual|Any CPU
		{FC8DF0D7-7C77-47A7-B7AD-16EB997D0071}.Debug|Any CPU.ActiveCfg = Debug|Any CPU
		{FC8DF0D7-7C77-47A7-B7AD-16EB997D0071}.Debug|Any CPU.Build.0 = Debug|Any CPU
		{FC8DF0D7-7C77-47A7-B7AD-16EB997D0071}.Release|Any CPU.ActiveCfg = Release|Any CPU
		{FC8DF0D7-7C77-47A7-B7AD-16EB997D0071}.Release|Any CPU.Build.0 = Release|Any CPU
		{FAD31E52-AAFB-4A8A-A8E6-750FACFEFA26}.Debug - Actual|Any CPU.ActiveCfg = Debug - Actual|Any CPU
		{FAD31E52-AAFB-4A8A-A8E6-750FACFEFA26}.Debug - Actual|Any CPU.Build.0 = Debug - Actual|Any CPU
		{FAD31E52-AAFB-4A8A-A8E6-750FACFEFA26}.Debug - Sample|Any CPU.ActiveCfg = Debug - Actual|Any CPU
		{FAD31E52-AAFB-4A8A-A8E6-750FACFEFA26}.Debug - Sample|Any CPU.Build.0 = Debug - Actual|Any CPU
		{FAD31E52-AAFB-4A8A-A8E6-750FACFEFA26}.Debug|Any CPU.ActiveCfg = Debug|Any CPU
		{FAD31E52-AAFB-4A8A-A8E6-750FACFEFA26}.Debug|Any CPU.Build.0 = Debug|Any CPU
		{FAD31E52-AAFB-4A8A-A8E6-750FACFEFA26}.Release|Any CPU.ActiveCfg = Release|Any CPU
		{FAD31E52-AAFB-4A8A-A8E6-750FACFEFA26}.Release|Any CPU.Build.0 = Release|Any CPU
		{48B618D6-B838-42D1-8A9F-F46AF1EBBE87}.Debug - Actual|Any CPU.ActiveCfg = Debug - Actual|Any CPU
		{48B618D6-B838-42D1-8A9F-F46AF1EBBE87}.Debug - Actual|Any CPU.Build.0 = Debug - Actual|Any CPU
		{48B618D6-B838-42D1-8A9F-F46AF1EBBE87}.Debug - Sample|Any CPU.ActiveCfg = Debug - Actual|Any CPU
		{48B618D6-B838-42D1-8A9F-F46AF1EBBE87}.Debug - Sample|Any CPU.Build.0 = Debug - Actual|Any CPU
		{48B618D6-B838-42D1-8A9F-F46AF1EBBE87}.Debug|Any CPU.ActiveCfg = Debug|Any CPU
		{48B618D6-B838-42D1-8A9F-F46AF1EBBE87}.Debug|Any CPU.Build.0 = Debug|Any CPU
		{48B618D6-B838-42D1-8A9F-F46AF1EBBE87}.Release|Any CPU.ActiveCfg = Release|Any CPU
		{48B618D6-B838-42D1-8A9F-F46AF1EBBE87}.Release|Any CPU.Build.0 = Release|Any CPU
		{AA6D3F65-6041-4BED-91AB-53668F54A7D8}.Debug - Actual|Any CPU.ActiveCfg = Debug - Actual|Any CPU
		{AA6D3F65-6041-4BED-91AB-53668F54A7D8}.Debug - Actual|Any CPU.Build.0 = Debug - Actual|Any CPU
		{AA6D3F65-6041-4BED-91AB-53668F54A7D8}.Debug - Sample|Any CPU.ActiveCfg = Debug - Actual|Any CPU
		{AA6D3F65-6041-4BED-91AB-53668F54A7D8}.Debug - Sample|Any CPU.Build.0 = Debug - Actual|Any CPU
		{AA6D3F65-6041-4BED-91AB-53668F54A7D8}.Debug|Any CPU.ActiveCfg = Debug|Any CPU
		{AA6D3F65-6041-4BED-91AB-53668F54A7D8}.Debug|Any CPU.Build.0 = Debug|Any CPU
		{AA6D3F65-6041-4BED-91AB-53668F54A7D8}.Release|Any CPU.ActiveCfg = Release|Any CPU
		{AA6D3F65-6041-4BED-91AB-53668F54A7D8}.Release|Any CPU.Build.0 = Release|Any CPU
		{3E25A6F0-1BC9-4534-88D8-198579D3925D}.Debug - Actual|Any CPU.ActiveCfg = Debug - Actual|Any CPU
		{3E25A6F0-1BC9-4534-88D8-198579D3925D}.Debug - Actual|Any CPU.Build.0 = Debug - Actual|Any CPU
		{3E25A6F0-1BC9-4534-88D8-198579D3925D}.Debug - Sample|Any CPU.ActiveCfg = Debug - Actual|Any CPU
		{3E25A6F0-1BC9-4534-88D8-198579D3925D}.Debug - Sample|Any CPU.Build.0 = Debug - Actual|Any CPU
		{3E25A6F0-1BC9-4534-88D8-198579D3925D}.Debug|Any CPU.ActiveCfg = Debug|Any CPU
		{3E25A6F0-1BC9-4534-88D8-198579D3925D}.Debug|Any CPU.Build.0 = Debug|Any CPU
		{3E25A6F0-1BC9-4534-88D8-198579D3925D}.Release|Any CPU.ActiveCfg = Release|Any CPU
		{3E25A6F0-1BC9-4534-88D8-198579D3925D}.Release|Any CPU.Build.0 = Release|Any CPU
	EndGlobalSection
	GlobalSection(SolutionProperties) = preSolution
		HideSolutionNode = FALSE
	EndGlobalSection
	GlobalSection(NestedProjects) = preSolution
		{6C9A9B37-C816-49BF-A776-88E98D05DB21} = {63233123-84FB-4A3A-8B1A-29D2809F34A7}
		{3C40F82E-1D8B-427A-B8CA-ECA37D0BD36D} = {A8A7CA7A-B62F-4630-B12F-C1079C810E19}
		{CE7E1F06-65FE-47D4-83AD-BC607B11B146} = {A8A7CA7A-B62F-4630-B12F-C1079C810E19}
		{88A8AC1B-B575-4B2A-B4DA-A1E95829E264} = {A8A7CA7A-B62F-4630-B12F-C1079C810E19}
		{FC8DF0D7-7C77-47A7-B7AD-16EB997D0071} = {A8A7CA7A-B62F-4630-B12F-C1079C810E19}
		{FAD31E52-AAFB-4A8A-A8E6-750FACFEFA26} = {A8A7CA7A-B62F-4630-B12F-C1079C810E19}
		{48B618D6-B838-42D1-8A9F-F46AF1EBBE87} = {A8A7CA7A-B62F-4630-B12F-C1079C810E19}
		{AA6D3F65-6041-4BED-91AB-53668F54A7D8} = {A8A7CA7A-B62F-4630-B12F-C1079C810E19}
		{3E25A6F0-1BC9-4534-88D8-198579D3925D} = {63233123-84FB-4A3A-8B1A-29D2809F34A7}
	EndGlobalSection
	GlobalSection(ExtensibilityGlobals) = postSolution
		SolutionGuid = {5C30DCF6-F454-4675-B107-4CF3E90AF401}
	EndGlobalSection
EndGlobal
